
Microsoft Visual Studio Solution File, Format Version 12.00
# Visual Studio Version 17
VisualStudioVersion = 17.4.33122.133
MinimumVisualStudioVersion = 10.0.40219.1
Project("{FAE04EC0-301F-11D3-BF4B-00C04F79EFBC}") = "byrdknr hastane otomasyon", "byrdknr hastane otomasyon\byrdknr hastane otomasyon.csproj", "{E869B00F-B550-4259-BC16-CDD1F297F487}"
EndProject
Global
	GlobalSection(SolutionConfigurationPlatforms) = preSolution
		Debug|Any CPU = Debug|Any CPU
		Release|Any CPU = Release|Any CPU
	EndGlobalSection
	GlobalSection(ProjectConfigurationPlatforms) = postSolution
		{E869B00F-B550-4259-BC16-CDD1F297F487}.Debug|Any CPU.ActiveCfg = Debug|Any CPU
		{E869B00F-B550-4259-BC16-CDD1F297F487}.Debug|Any CPU.Build.0 = Debug|Any CPU
		{E869B00F-B550-4259-BC16-CDD1F297F487}.Release|Any CPU.ActiveCfg = Release|Any CPU
		{E869B00F-B550-4259-BC16-CDD1F297F487}.Release|Any CPU.Build.0 = Release|Any CPU
	EndGlobalSection
	GlobalSection(SolutionProperties) = preSolution
		HideSolutionNode = FALSE
	EndGlobalSection
	GlobalSection(ExtensibilityGlobals) = postSolution
		SolutionGuid = {07EDEAE4-88AE-4BD6-87F4-F5F8EAF29289}
	EndGlobalSection
EndGlobal
